// !$*UTF8*$!
{
	archiveVersion = 1;
	classes = {
	};
	objectVersion = 46;
	objects = {

/* Begin PBXBuildFile section */
		DD2C56331C5AF2CE00CEC6EA /* DTKDropdownMenuView.bundle in Resources */ = {isa = PBXBuildFile; fileRef = DD2C56141C5AF2CE00CEC6EA /* DTKDropdownMenuView.bundle */; };
		DD2C56341C5AF2CE00CEC6EA /* DTKDropdownMenuView.m in Sources */ = {isa = PBXBuildFile; fileRef = DD2C56161C5AF2CE00CEC6EA /* DTKDropdownMenuView.m */; };
		DD2C56351C5AF2CE00CEC6EA /* LICENSE in Resources */ = {isa = PBXBuildFile; fileRef = DD2C56171C5AF2CE00CEC6EA /* LICENSE */; };
		DD2C56361C5AF2CE00CEC6EA /* MASCompositeConstraint.m in Sources */ = {isa = PBXBuildFile; fileRef = DD2C561A1C5AF2CE00CEC6EA /* MASCompositeConstraint.m */; };
		DD2C56371C5AF2CE00CEC6EA /* MASConstraint.m in Sources */ = {isa = PBXBuildFile; fileRef = DD2C561D1C5AF2CE00CEC6EA /* MASConstraint.m */; };
		DD2C56381C5AF2CE00CEC6EA /* MASConstraintMaker.m in Sources */ = {isa = PBXBuildFile; fileRef = DD2C561F1C5AF2CE00CEC6EA /* MASConstraintMaker.m */; };
		DD2C56391C5AF2CE00CEC6EA /* MASLayoutConstraint.m in Sources */ = {isa = PBXBuildFile; fileRef = DD2C56211C5AF2CE00CEC6EA /* MASLayoutConstraint.m */; };
		DD2C563A1C5AF2CE00CEC6EA /* MASViewAttribute.m in Sources */ = {isa = PBXBuildFile; fileRef = DD2C56251C5AF2CE00CEC6EA /* MASViewAttribute.m */; };
		DD2C563B1C5AF2CE00CEC6EA /* MASViewConstraint.m in Sources */ = {isa = PBXBuildFile; fileRef = DD2C56271C5AF2CE00CEC6EA /* MASViewConstraint.m */; };
		DD2C563C1C5AF2CE00CEC6EA /* NSArray+MASAdditions.m in Sources */ = {isa = PBXBuildFile; fileRef = DD2C56291C5AF2CE00CEC6EA /* NSArray+MASAdditions.m */; };
		DD2C563D1C5AF2CE00CEC6EA /* NSLayoutConstraint+MASDebugAdditions.m in Sources */ = {isa = PBXBuildFile; fileRef = DD2C562C1C5AF2CE00CEC6EA /* NSLayoutConstraint+MASDebugAdditions.m */; };
		DD2C563E1C5AF2CE00CEC6EA /* View+MASAdditions.m in Sources */ = {isa = PBXBuildFile; fileRef = DD2C562E1C5AF2CE00CEC6EA /* View+MASAdditions.m */; };
		DD2C563F1C5AF2CE00CEC6EA /* ViewController+MASAdditions.m in Sources */ = {isa = PBXBuildFile; fileRef = DD2C56311C5AF2CE00CEC6EA /* ViewController+MASAdditions.m */; };
		DD2C56401C5AF2CE00CEC6EA /* README.md in Sources */ = {isa = PBXBuildFile; fileRef = DD2C56321C5AF2CE00CEC6EA /* README.md */; };
		DD2C564A1C5AFD9900CEC6EA /* gongfuxiongmao.png in Resources */ = {isa = PBXBuildFile; fileRef = DD2C56421C5AFD9900CEC6EA /* gongfuxiongmao.png */; };
		DD2C564C1C5AFD9900CEC6EA /* meirenyu.png in Resources */ = {isa = PBXBuildFile; fileRef = DD2C56441C5AFD9900CEC6EA /* meirenyu.png */; };
		DD2C564D1C5AFD9900CEC6EA /* sandabaigujing.png in Resources */ = {isa = PBXBuildFile; fileRef = DD2C56451C5AFD9900CEC6EA /* sandabaigujing.png */; };
		DD2C564E1C5AFD9900CEC6EA /* taipingyang.png in Resources */ = {isa = PBXBuildFile; fileRef = DD2C56461C5AFD9900CEC6EA /* taipingyang.png */; };
		DD2C564F1C5AFD9900CEC6EA /* xiaohuangren.png in Resources */ = {isa = PBXBuildFile; fileRef = DD2C56471C5AFD9900CEC6EA /* xiaohuangren.png */; };
		DD2C56501C5AFD9900CEC6EA /* xiongchumo.png in Resources */ = {isa = PBXBuildFile; fileRef = DD2C56481C5AFD9900CEC6EA /* xiongchumo.png */; };
		DD2C56511C5AFD9900CEC6EA /* yuanlijuexing.png in Resources */ = {isa = PBXBuildFile; fileRef = DD2C56491C5AFD9900CEC6EA /* yuanlijuexing.png */; };
		DD2C56591C5B07A900CEC6EA /* DRCellSlideAction.m in Sources */ = {isa = PBXBuildFile; fileRef = DD2C56541C5B07A900CEC6EA /* DRCellSlideAction.m */; };
		DD2C565A1C5B07A900CEC6EA /* DRCellSlideActionView.m in Sources */ = {isa = PBXBuildFile; fileRef = DD2C56561C5B07A900CEC6EA /* DRCellSlideActionView.m */; };
		DD2C565B1C5B07A900CEC6EA /* DRCellSlideGestureRecognizer.m in Sources */ = {isa = PBXBuildFile; fileRef = DD2C56581C5B07A900CEC6EA /* DRCellSlideGestureRecognizer.m */; };
		DD2C565D1C5B1DEA00CEC6EA /* lieren.png in Resources */ = {isa = PBXBuildFile; fileRef = DD2C565C1C5B1DEA00CEC6EA /* lieren.png */; };
		DD2C56611C5B1FE300CEC6EA /* TYMProgressBarView.m in Sources */ = {isa = PBXBuildFile; fileRef = DD2C56601C5B1FE300CEC6EA /* TYMProgressBarView.m */; };
		DD6B10201C59A24A00EA67F0 /* BaseTabBarController.m in Sources */ = {isa = PBXBuildFile; fileRef = DD6B101E1C59A24A00EA67F0 /* BaseTabBarController.m */; };
		DD6B10211C59A24A00EA67F0 /* Main.storyboard in Resources */ = {isa = PBXBuildFile; fileRef = DD6B101F1C59A24A00EA67F0 /* Main.storyboard */; };
		DD6B10291C59A2F100EA67F0 /* MusicListTableCell.m in Sources */ = {isa = PBXBuildFile; fileRef = DD6B10261C59A2F100EA67F0 /* MusicListTableCell.m */; };
		DD6B102A1C59A2F100EA67F0 /* MusicListViewController.m in Sources */ = {isa = PBXBuildFile; fileRef = DD6B10281C59A2F100EA67F0 /* MusicListViewController.m */; };
		DD6B10401C59A30700EA67F0 /* MusicDownloadList.storyboard in Resources */ = {isa = PBXBuildFile; fileRef = DD6B102F1C59A30700EA67F0 /* MusicDownloadList.storyboard */; };
		DD6B10411C59A30700EA67F0 /* MusicDownloadListTableCell.m in Sources */ = {isa = PBXBuildFile; fileRef = DD6B10311C59A30700EA67F0 /* MusicDownloadListTableCell.m */; };
		DD6B10421C59A30700EA67F0 /* MusicDownloadListViewController.m in Sources */ = {isa = PBXBuildFile; fileRef = DD6B10331C59A30700EA67F0 /* MusicDownloadListViewController.m */; };
		DD6B10431C59A30700EA67F0 /* TaskEntity.m in Sources */ = {isa = PBXBuildFile; fileRef = DD6B10351C59A30700EA67F0 /* TaskEntity.m */; };
		DD6B10511C59A33400EA67F0 /* MPSessionModel.m in Sources */ = {isa = PBXBuildFile; fileRef = DD6B104A1C59A33400EA67F0 /* MPSessionModel.m */; };
		DD6B10521C59A33400EA67F0 /* MusicPartnerDownloadEntity.m in Sources */ = {isa = PBXBuildFile; fileRef = DD6B104C1C59A33400EA67F0 /* MusicPartnerDownloadEntity.m */; };
		DD6B10531C59A33400EA67F0 /* MusicPartnerDownloadManager.m in Sources */ = {isa = PBXBuildFile; fileRef = DD6B104E1C59A33400EA67F0 /* MusicPartnerDownloadManager.m */; };
		DD6B10541C59A33400EA67F0 /* MusicPartnerDownloadTask.m in Sources */ = {isa = PBXBuildFile; fileRef = DD6B10501C59A33400EA67F0 /* MusicPartnerDownloadTask.m */; };
		DD6B10581C59A37E00EA67F0 /* AppDelegate.m in Sources */ = {isa = PBXBuildFile; fileRef = DD6B10571C59A37E00EA67F0 /* AppDelegate.m */; };
		DD6B10611C59A41900EA67F0 /* Discover.storyboard in Resources */ = {isa = PBXBuildFile; fileRef = DD6B10601C59A41900EA67F0 /* Discover.storyboard */; };
		DD6B106D1C59AC0900EA67F0 /* Mine.storyboard in Resources */ = {isa = PBXBuildFile; fileRef = DD6B106C1C59AC0900EA67F0 /* Mine.storyboard */; };
		DD6B10701C59AC1200EA67F0 /* MineViewController.m in Sources */ = {isa = PBXBuildFile; fileRef = DD6B106F1C59AC1200EA67F0 /* MineViewController.m */; };
		DD6B10741C59AEB000EA67F0 /* BaseViewController.m in Sources */ = {isa = PBXBuildFile; fileRef = DD6B10731C59AEB000EA67F0 /* BaseViewController.m */; };
		DD887C541C59D37D006E7A63 /* DiscoverEntity.m in Sources */ = {isa = PBXBuildFile; fileRef = DD887C531C59D37D006E7A63 /* DiscoverEntity.m */; };
		DD887C5A1C59D5B8006E7A63 /* Discover.plist in Resources */ = {isa = PBXBuildFile; fileRef = DD887C591C59D5B8006E7A63 /* Discover.plist */; };
		DD887C631C59DFE9006E7A63 /* UITabBarController+MPDownLoad.m in Sources */ = {isa = PBXBuildFile; fileRef = DD887C621C59DFE9006E7A63 /* UITabBarController+MPDownLoad.m */; };
		DD887C6A1C59EEE7006E7A63 /* MineTableCell.m in Sources */ = {isa = PBXBuildFile; fileRef = DD887C691C59EEE7006E7A63 /* MineTableCell.m */; };
		DD887C721C59F002006E7A63 /* MusicDownloadDataSource.m in Sources */ = {isa = PBXBuildFile; fileRef = DD887C711C59F002006E7A63 /* MusicDownloadDataSource.m */; };
		DD887C761C59F02B006E7A63 /* DownLoadCompleteDataSource.m in Sources */ = {isa = PBXBuildFile; fileRef = DD887C751C59F02B006E7A63 /* DownLoadCompleteDataSource.m */; };
		DD887C781C59FBC1006E7A63 /* MediaPlayer.framework in Frameworks */ = {isa = PBXBuildFile; fileRef = DD887C771C59FBC1006E7A63 /* MediaPlayer.framework */; };
		DDA48A1C1C571AB800ABD9D9 /* ViewController.m in Sources */ = {isa = PBXBuildFile; fileRef = DDA48A1B1C571AB800ABD9D9 /* ViewController.m */; };
		DDA48A241C5749B600ABD9D9 /* FLDownloader.m in Sources */ = {isa = PBXBuildFile; fileRef = DDA48A211C5749B600ABD9D9 /* FLDownloader.m */; };
		DDA48A251C5749B600ABD9D9 /* FLDownloadTask.m in Sources */ = {isa = PBXBuildFile; fileRef = DDA48A231C5749B600ABD9D9 /* FLDownloadTask.m */; };
		DDA48A281C574B3600ABD9D9 /* MPDownLoadManager.m in Sources */ = {isa = PBXBuildFile; fileRef = DDA48A271C574B3600ABD9D9 /* MPDownLoadManager.m */; };
		DDBCA1741C55CB7300E9F8C2 /* main.m in Sources */ = {isa = PBXBuildFile; fileRef = DDBCA1731C55CB7300E9F8C2 /* main.m */; };
		DDBCA17F1C55CB7300E9F8C2 /* Assets.xcassets in Resources */ = {isa = PBXBuildFile; fileRef = DDBCA17E1C55CB7300E9F8C2 /* Assets.xcassets */; };
		DDBCA1821C55CB7300E9F8C2 /* LaunchScreen.storyboard in Resources */ = {isa = PBXBuildFile; fileRef = DDBCA1801C55CB7300E9F8C2 /* LaunchScreen.storyboard */; };
/* End PBXBuildFile section */

/* Begin PBXFileReference section */
		DD2C56141C5AF2CE00CEC6EA /* DTKDropdownMenuView.bundle */ = {isa = PBXFileReference; lastKnownFileType = "wrapper.plug-in"; path = DTKDropdownMenuView.bundle; sourceTree = "<group>"; };
		DD2C56151C5AF2CE00CEC6EA /* DTKDropdownMenuView.h */ = {isa = PBXFileReference; fileEncoding = 4; lastKnownFileType = sourcecode.c.h; path = DTKDropdownMenuView.h; sourceTree = "<group>"; };
		DD2C56161C5AF2CE00CEC6EA /* DTKDropdownMenuView.m */ = {isa = PBXFileReference; fileEncoding = 4; lastKnownFileType = sourcecode.c.objc; path = DTKDropdownMenuView.m; sourceTree = "<group>"; };
		DD2C56171C5AF2CE00CEC6EA /* LICENSE */ = {isa = PBXFileReference; fileEncoding = 4; lastKnownFileType = text; path = LICENSE; sourceTree = "<group>"; };
		DD2C56191C5AF2CE00CEC6EA /* MASCompositeConstraint.h */ = {isa = PBXFileReference; fileEncoding = 4; lastKnownFileType = sourcecode.c.h; path = MASCompositeConstraint.h; sourceTree = "<group>"; };
		DD2C561A1C5AF2CE00CEC6EA /* MASCompositeConstraint.m */ = {isa = PBXFileReference; fileEncoding = 4; lastKnownFileType = sourcecode.c.objc; path = MASCompositeConstraint.m; sourceTree = "<group>"; };
		DD2C561B1C5AF2CE00CEC6EA /* MASConstraint+Private.h */ = {isa = PBXFileReference; fileEncoding = 4; lastKnownFileType = sourcecode.c.h; path = "MASConstraint+Private.h"; sourceTree = "<group>"; };
		DD2C561C1C5AF2CE00CEC6EA /* MASConstraint.h */ = {isa = PBXFileReference; fileEncoding = 4; lastKnownFileType = sourcecode.c.h; path = MASConstraint.h; sourceTree = "<group>"; };
		DD2C561D1C5AF2CE00CEC6EA /* MASConstraint.m */ = {isa = PBXFileReference; fileEncoding = 4; lastKnownFileType = sourcecode.c.objc; path = MASConstraint.m; sourceTree = "<group>"; };
		DD2C561E1C5AF2CE00CEC6EA /* MASConstraintMaker.h */ = {isa = PBXFileReference; fileEncoding = 4; lastKnownFileType = sourcecode.c.h; path = MASConstraintMaker.h; sourceTree = "<group>"; };
		DD2C561F1C5AF2CE00CEC6EA /* MASConstraintMaker.m */ = {isa = PBXFileReference; fileEncoding = 4; lastKnownFileType = sourcecode.c.objc; path = MASConstraintMaker.m; sourceTree = "<group>"; };
		DD2C56201C5AF2CE00CEC6EA /* MASLayoutConstraint.h */ = {isa = PBXFileReference; fileEncoding = 4; lastKnownFileType = sourcecode.c.h; path = MASLayoutConstraint.h; sourceTree = "<group>"; };
		DD2C56211C5AF2CE00CEC6EA /* MASLayoutConstraint.m */ = {isa = PBXFileReference; fileEncoding = 4; lastKnownFileType = sourcecode.c.objc; path = MASLayoutConstraint.m; sourceTree = "<group>"; };
		DD2C56221C5AF2CE00CEC6EA /* Masonry.h */ = {isa = PBXFileReference; fileEncoding = 4; lastKnownFileType = sourcecode.c.h; path = Masonry.h; sourceTree = "<group>"; };
		DD2C56231C5AF2CE00CEC6EA /* MASUtilities.h */ = {isa = PBXFileReference; fileEncoding = 4; lastKnownFileType = sourcecode.c.h; path = MASUtilities.h; sourceTree = "<group>"; };
		DD2C56241C5AF2CE00CEC6EA /* MASViewAttribute.h */ = {isa = PBXFileReference; fileEncoding = 4; lastKnownFileType = sourcecode.c.h; path = MASViewAttribute.h; sourceTree = "<group>"; };
		DD2C56251C5AF2CE00CEC6EA /* MASViewAttribute.m */ = {isa = PBXFileReference; fileEncoding = 4; lastKnownFileType = sourcecode.c.objc; path = MASViewAttribute.m; sourceTree = "<group>"; };
		DD2C56261C5AF2CE00CEC6EA /* MASViewConstraint.h */ = {isa = PBXFileReference; fileEncoding = 4; lastKnownFileType = sourcecode.c.h; path = MASViewConstraint.h; sourceTree = "<group>"; };
		DD2C56271C5AF2CE00CEC6EA /* MASViewConstraint.m */ = {isa = PBXFileReference; fileEncoding = 4; lastKnownFileType = sourcecode.c.objc; path = MASViewConstraint.m; sourceTree = "<group>"; };
		DD2C56281C5AF2CE00CEC6EA /* NSArray+MASAdditions.h */ = {isa = PBXFileReference; fileEncoding = 4; lastKnownFileType = sourcecode.c.h; path = "NSArray+MASAdditions.h"; sourceTree = "<group>"; };
		DD2C56291C5AF2CE00CEC6EA /* NSArray+MASAdditions.m */ = {isa = PBXFileReference; fileEncoding = 4; lastKnownFileType = sourcecode.c.objc; path = "NSArray+MASAdditions.m"; sourceTree = "<group>"; };
		DD2C562A1C5AF2CE00CEC6EA /* NSArray+MASShorthandAdditions.h */ = {isa = PBXFileReference; fileEncoding = 4; lastKnownFileType = sourcecode.c.h; path = "NSArray+MASShorthandAdditions.h"; sourceTree = "<group>"; };
		DD2C562B1C5AF2CE00CEC6EA /* NSLayoutConstraint+MASDebugAdditions.h */ = {isa = PBXFileReference; fileEncoding = 4; lastKnownFileType = sourcecode.c.h; path = "NSLayoutConstraint+MASDebugAdditions.h"; sourceTree = "<group>"; };
		DD2C562C1C5AF2CE00CEC6EA /* NSLayoutConstraint+MASDebugAdditions.m */ = {isa = PBXFileReference; fileEncoding = 4; lastKnownFileType = sourcecode.c.objc; path = "NSLayoutConstraint+MASDebugAdditions.m"; sourceTree = "<group>"; };
		DD2C562D1C5AF2CE00CEC6EA /* View+MASAdditions.h */ = {isa = PBXFileReference; fileEncoding = 4; lastKnownFileType = sourcecode.c.h; path = "View+MASAdditions.h"; sourceTree = "<group>"; };
		DD2C562E1C5AF2CE00CEC6EA /* View+MASAdditions.m */ = {isa = PBXFileReference; fileEncoding = 4; lastKnownFileType = sourcecode.c.objc; path = "View+MASAdditions.m"; sourceTree = "<group>"; };
		DD2C562F1C5AF2CE00CEC6EA /* View+MASShorthandAdditions.h */ = {isa = PBXFileReference; fileEncoding = 4; lastKnownFileType = sourcecode.c.h; path = "View+MASShorthandAdditions.h"; sourceTree = "<group>"; };
		DD2C56301C5AF2CE00CEC6EA /* ViewController+MASAdditions.h */ = {isa = PBXFileReference; fileEncoding = 4; lastKnownFileType = sourcecode.c.h; path = "ViewController+MASAdditions.h"; sourceTree = "<group>"; };
		DD2C56311C5AF2CE00CEC6EA /* ViewController+MASAdditions.m */ = {isa = PBXFileReference; fileEncoding = 4; lastKnownFileType = sourcecode.c.objc; path = "ViewController+MASAdditions.m"; sourceTree = "<group>"; };
		DD2C56321C5AF2CE00CEC6EA /* README.md */ = {isa = PBXFileReference; fileEncoding = 4; lastKnownFileType = net.daringfireball.markdown; path = README.md; sourceTree = "<group>"; };
		DD2C56421C5AFD9900CEC6EA /* gongfuxiongmao.png */ = {isa = PBXFileReference; lastKnownFileType = image.png; path = gongfuxiongmao.png; sourceTree = "<group>"; };
		DD2C56441C5AFD9900CEC6EA /* meirenyu.png */ = {isa = PBXFileReference; lastKnownFileType = image.png; path = meirenyu.png; sourceTree = "<group>"; };
		DD2C56451C5AFD9900CEC6EA /* sandabaigujing.png */ = {isa = PBXFileReference; lastKnownFileType = image.png; path = sandabaigujing.png; sourceTree = "<group>"; };
		DD2C56461C5AFD9900CEC6EA /* taipingyang.png */ = {isa = PBXFileReference; lastKnownFileType = image.png; path = taipingyang.png; sourceTree = "<group>"; };
		DD2C56471C5AFD9900CEC6EA /* xiaohuangren.png */ = {isa = PBXFileReference; lastKnownFileType = image.png; path = xiaohuangren.png; sourceTree = "<group>"; };
		DD2C56481C5AFD9900CEC6EA /* xiongchumo.png */ = {isa = PBXFileReference; lastKnownFileType = image.png; path = xiongchumo.png; sourceTree = "<group>"; };
		DD2C56491C5AFD9900CEC6EA /* yuanlijuexing.png */ = {isa = PBXFileReference; lastKnownFileType = image.png; path = yuanlijuexing.png; sourceTree = "<group>"; };
		DD2C56531C5B07A900CEC6EA /* DRCellSlideAction.h */ = {isa = PBXFileReference; fileEncoding = 4; lastKnownFileType = sourcecode.c.h; path = DRCellSlideAction.h; sourceTree = "<group>"; };
		DD2C56541C5B07A900CEC6EA /* DRCellSlideAction.m */ = {isa = PBXFileReference; fileEncoding = 4; lastKnownFileType = sourcecode.c.objc; path = DRCellSlideAction.m; sourceTree = "<group>"; };
		DD2C56551C5B07A900CEC6EA /* DRCellSlideActionView.h */ = {isa = PBXFileReference; fileEncoding = 4; lastKnownFileType = sourcecode.c.h; path = DRCellSlideActionView.h; sourceTree = "<group>"; };
		DD2C56561C5B07A900CEC6EA /* DRCellSlideActionView.m */ = {isa = PBXFileReference; fileEncoding = 4; lastKnownFileType = sourcecode.c.objc; path = DRCellSlideActionView.m; sourceTree = "<group>"; };
		DD2C56571C5B07A900CEC6EA /* DRCellSlideGestureRecognizer.h */ = {isa = PBXFileReference; fileEncoding = 4; lastKnownFileType = sourcecode.c.h; path = DRCellSlideGestureRecognizer.h; sourceTree = "<group>"; };
		DD2C56581C5B07A900CEC6EA /* DRCellSlideGestureRecognizer.m */ = {isa = PBXFileReference; fileEncoding = 4; lastKnownFileType = sourcecode.c.objc; path = DRCellSlideGestureRecognizer.m; sourceTree = "<group>"; };
		DD2C565C1C5B1DEA00CEC6EA /* lieren.png */ = {isa = PBXFileReference; lastKnownFileType = image.png; path = lieren.png; sourceTree = "<group>"; };
		DD2C565F1C5B1FE300CEC6EA /* TYMProgressBarView.h */ = {isa = PBXFileReference; fileEncoding = 4; lastKnownFileType = sourcecode.c.h; path = TYMProgressBarView.h; sourceTree = "<group>"; };
		DD2C56601C5B1FE300CEC6EA /* TYMProgressBarView.m */ = {isa = PBXFileReference; fileEncoding = 4; lastKnownFileType = sourcecode.c.objc; path = TYMProgressBarView.m; sourceTree = "<group>"; };
		DD6B101D1C59A24A00EA67F0 /* BaseTabBarController.h */ = {isa = PBXFileReference; fileEncoding = 4; lastKnownFileType = sourcecode.c.h; path = BaseTabBarController.h; sourceTree = "<group>"; };
		DD6B101E1C59A24A00EA67F0 /* BaseTabBarController.m */ = {isa = PBXFileReference; fileEncoding = 4; lastKnownFileType = sourcecode.c.objc; path = BaseTabBarController.m; sourceTree = "<group>"; };
		DD6B101F1C59A24A00EA67F0 /* Main.storyboard */ = {isa = PBXFileReference; fileEncoding = 4; lastKnownFileType = file.storyboard; path = Main.storyboard; sourceTree = "<group>"; };
		DD6B10251C59A2F100EA67F0 /* MusicListTableCell.h */ = {isa = PBXFileReference; fileEncoding = 4; lastKnownFileType = sourcecode.c.h; path = MusicListTableCell.h; sourceTree = "<group>"; };
		DD6B10261C59A2F100EA67F0 /* MusicListTableCell.m */ = {isa = PBXFileReference; fileEncoding = 4; lastKnownFileType = sourcecode.c.objc; path = MusicListTableCell.m; sourceTree = "<group>"; };
		DD6B10271C59A2F100EA67F0 /* MusicListViewController.h */ = {isa = PBXFileReference; fileEncoding = 4; lastKnownFileType = sourcecode.c.h; path = MusicListViewController.h; sourceTree = "<group>"; };
		DD6B10281C59A2F100EA67F0 /* MusicListViewController.m */ = {isa = PBXFileReference; fileEncoding = 4; lastKnownFileType = sourcecode.c.objc; path = MusicListViewController.m; sourceTree = "<group>"; };
		DD6B102F1C59A30700EA67F0 /* MusicDownloadList.storyboard */ = {isa = PBXFileReference; fileEncoding = 4; lastKnownFileType = file.storyboard; path = MusicDownloadList.storyboard; sourceTree = "<group>"; };
		DD6B10301C59A30700EA67F0 /* MusicDownloadListTableCell.h */ = {isa = PBXFileReference; fileEncoding = 4; lastKnownFileType = sourcecode.c.h; path = MusicDownloadListTableCell.h; sourceTree = "<group>"; };
		DD6B10311C59A30700EA67F0 /* MusicDownloadListTableCell.m */ = {isa = PBXFileReference; fileEncoding = 4; lastKnownFileType = sourcecode.c.objc; path = MusicDownloadListTableCell.m; sourceTree = "<group>"; };
		DD6B10321C59A30700EA67F0 /* MusicDownloadListViewController.h */ = {isa = PBXFileReference; fileEncoding = 4; lastKnownFileType = sourcecode.c.h; path = MusicDownloadListViewController.h; sourceTree = "<group>"; };
		DD6B10331C59A30700EA67F0 /* MusicDownloadListViewController.m */ = {isa = PBXFileReference; fileEncoding = 4; lastKnownFileType = sourcecode.c.objc; path = MusicDownloadListViewController.m; sourceTree = "<group>"; };
		DD6B10341C59A30700EA67F0 /* TaskEntity.h */ = {isa = PBXFileReference; fileEncoding = 4; lastKnownFileType = sourcecode.c.h; path = TaskEntity.h; sourceTree = "<group>"; };
		DD6B10351C59A30700EA67F0 /* TaskEntity.m */ = {isa = PBXFileReference; fileEncoding = 4; lastKnownFileType = sourcecode.c.objc; path = TaskEntity.m; sourceTree = "<group>"; };
		DD6B10491C59A33400EA67F0 /* MPSessionModel.h */ = {isa = PBXFileReference; fileEncoding = 4; lastKnownFileType = sourcecode.c.h; path = MPSessionModel.h; sourceTree = "<group>"; };
		DD6B104A1C59A33400EA67F0 /* MPSessionModel.m */ = {isa = PBXFileReference; fileEncoding = 4; lastKnownFileType = sourcecode.c.objc; path = MPSessionModel.m; sourceTree = "<group>"; };
		DD6B104B1C59A33400EA67F0 /* MusicPartnerDownloadEntity.h */ = {isa = PBXFileReference; fileEncoding = 4; lastKnownFileType = sourcecode.c.h; path = MusicPartnerDownloadEntity.h; sourceTree = "<group>"; };
		DD6B104C1C59A33400EA67F0 /* MusicPartnerDownloadEntity.m */ = {isa = PBXFileReference; fileEncoding = 4; lastKnownFileType = sourcecode.c.objc; path = MusicPartnerDownloadEntity.m; sourceTree = "<group>"; };
		DD6B104D1C59A33400EA67F0 /* MusicPartnerDownloadManager.h */ = {isa = PBXFileReference; fileEncoding = 4; lastKnownFileType = sourcecode.c.h; path = MusicPartnerDownloadManager.h; sourceTree = "<group>"; };
		DD6B104E1C59A33400EA67F0 /* MusicPartnerDownloadManager.m */ = {isa = PBXFileReference; fileEncoding = 4; lastKnownFileType = sourcecode.c.objc; path = MusicPartnerDownloadManager.m; sourceTree = "<group>"; };
		DD6B104F1C59A33400EA67F0 /* MusicPartnerDownloadTask.h */ = {isa = PBXFileReference; fileEncoding = 4; lastKnownFileType = sourcecode.c.h; path = MusicPartnerDownloadTask.h; sourceTree = "<group>"; };
		DD6B10501C59A33400EA67F0 /* MusicPartnerDownloadTask.m */ = {isa = PBXFileReference; fileEncoding = 4; lastKnownFileType = sourcecode.c.objc; path = MusicPartnerDownloadTask.m; sourceTree = "<group>"; };
		DD6B10561C59A37E00EA67F0 /* AppDelegate.h */ = {isa = PBXFileReference; fileEncoding = 4; lastKnownFileType = sourcecode.c.h; path = AppDelegate.h; sourceTree = "<group>"; };
		DD6B10571C59A37E00EA67F0 /* AppDelegate.m */ = {isa = PBXFileReference; fileEncoding = 4; lastKnownFileType = sourcecode.c.objc; path = AppDelegate.m; sourceTree = "<group>"; };
		DD6B105D1C59A3D900EA67F0 /* AppColorConfig.h */ = {isa = PBXFileReference; fileEncoding = 4; lastKnownFileType = sourcecode.c.h; path = AppColorConfig.h; sourceTree = "<group>"; };
		DD6B105E1C59A3D900EA67F0 /* AppConfig.h */ = {isa = PBXFileReference; fileEncoding = 4; lastKnownFileType = sourcecode.c.h; path = AppConfig.h; sourceTree = "<group>"; };
		DD6B105F1C59A3D900EA67F0 /* GTCommontHeader.h */ = {isa = PBXFileReference; fileEncoding = 4; lastKnownFileType = sourcecode.c.h; path = GTCommontHeader.h; sourceTree = "<group>"; };
		DD6B10601C59A41900EA67F0 /* Discover.storyboard */ = {isa = PBXFileReference; fileEncoding = 4; lastKnownFileType = file.storyboard; path = Discover.storyboard; sourceTree = "<group>"; };
		DD6B106C1C59AC0900EA67F0 /* Mine.storyboard */ = {isa = PBXFileReference; fileEncoding = 4; lastKnownFileType = file.storyboard; path = Mine.storyboard; sourceTree = "<group>"; };
		DD6B106E1C59AC1200EA67F0 /* MineViewController.h */ = {isa = PBXFileReference; fileEncoding = 4; lastKnownFileType = sourcecode.c.h; path = MineViewController.h; sourceTree = "<group>"; };
		DD6B106F1C59AC1200EA67F0 /* MineViewController.m */ = {isa = PBXFileReference; fileEncoding = 4; lastKnownFileType = sourcecode.c.objc; path = MineViewController.m; sourceTree = "<group>"; };
		DD6B10721C59AEB000EA67F0 /* BaseViewController.h */ = {isa = PBXFileReference; fileEncoding = 4; lastKnownFileType = sourcecode.c.h; path = BaseViewController.h; sourceTree = "<group>"; };
		DD6B10731C59AEB000EA67F0 /* BaseViewController.m */ = {isa = PBXFileReference; fileEncoding = 4; lastKnownFileType = sourcecode.c.objc; path = BaseViewController.m; sourceTree = "<group>"; };
		DD887C521C59D37D006E7A63 /* DiscoverEntity.h */ = {isa = PBXFileReference; fileEncoding = 4; lastKnownFileType = sourcecode.c.h; path = DiscoverEntity.h; sourceTree = "<group>"; };
		DD887C531C59D37D006E7A63 /* DiscoverEntity.m */ = {isa = PBXFileReference; fileEncoding = 4; lastKnownFileType = sourcecode.c.objc; path = DiscoverEntity.m; sourceTree = "<group>"; };
		DD887C591C59D5B8006E7A63 /* Discover.plist */ = {isa = PBXFileReference; fileEncoding = 4; lastKnownFileType = text.plist.xml; path = Discover.plist; sourceTree = "<group>"; };
		DD887C611C59DFE9006E7A63 /* UITabBarController+MPDownLoad.h */ = {isa = PBXFileReference; fileEncoding = 4; lastKnownFileType = sourcecode.c.h; path = "UITabBarController+MPDownLoad.h"; sourceTree = "<group>"; };
		DD887C621C59DFE9006E7A63 /* UITabBarController+MPDownLoad.m */ = {isa = PBXFileReference; fileEncoding = 4; lastKnownFileType = sourcecode.c.objc; path = "UITabBarController+MPDownLoad.m"; sourceTree = "<group>"; };
		DD887C681C59EEE7006E7A63 /* MineTableCell.h */ = {isa = PBXFileReference; fileEncoding = 4; lastKnownFileType = sourcecode.c.h; path = MineTableCell.h; sourceTree = "<group>"; };
		DD887C691C59EEE7006E7A63 /* MineTableCell.m */ = {isa = PBXFileReference; fileEncoding = 4; lastKnownFileType = sourcecode.c.objc; path = MineTableCell.m; sourceTree = "<group>"; };
		DD887C701C59F002006E7A63 /* MusicDownloadDataSource.h */ = {isa = PBXFileReference; fileEncoding = 4; lastKnownFileType = sourcecode.c.h; path = MusicDownloadDataSource.h; sourceTree = "<group>"; };
		DD887C711C59F002006E7A63 /* MusicDownloadDataSource.m */ = {isa = PBXFileReference; fileEncoding = 4; lastKnownFileType = sourcecode.c.objc; path = MusicDownloadDataSource.m; sourceTree = "<group>"; };
		DD887C741C59F02B006E7A63 /* DownLoadCompleteDataSource.h */ = {isa = PBXFileReference; fileEncoding = 4; lastKnownFileType = sourcecode.c.h; path = DownLoadCompleteDataSource.h; sourceTree = "<group>"; };
		DD887C751C59F02B006E7A63 /* DownLoadCompleteDataSource.m */ = {isa = PBXFileReference; fileEncoding = 4; lastKnownFileType = sourcecode.c.objc; path = DownLoadCompleteDataSource.m; sourceTree = "<group>"; };
		DD887C771C59FBC1006E7A63 /* MediaPlayer.framework */ = {isa = PBXFileReference; lastKnownFileType = wrapper.framework; name = MediaPlayer.framework; path = System/Library/Frameworks/MediaPlayer.framework; sourceTree = SDKROOT; };
		DDA48A1A1C571AB800ABD9D9 /* ViewController.h */ = {isa = PBXFileReference; fileEncoding = 4; lastKnownFileType = sourcecode.c.h; path = ViewController.h; sourceTree = "<group>"; };
		DDA48A1B1C571AB800ABD9D9 /* ViewController.m */ = {isa = PBXFileReference; fileEncoding = 4; lastKnownFileType = sourcecode.c.objc; path = ViewController.m; sourceTree = "<group>"; };
		DDA48A201C5749B600ABD9D9 /* FLDownloader.h */ = {isa = PBXFileReference; fileEncoding = 4; lastKnownFileType = sourcecode.c.h; path = FLDownloader.h; sourceTree = "<group>"; };
		DDA48A211C5749B600ABD9D9 /* FLDownloader.m */ = {isa = PBXFileReference; fileEncoding = 4; lastKnownFileType = sourcecode.c.objc; path = FLDownloader.m; sourceTree = "<group>"; };
		DDA48A221C5749B600ABD9D9 /* FLDownloadTask.h */ = {isa = PBXFileReference; fileEncoding = 4; lastKnownFileType = sourcecode.c.h; path = FLDownloadTask.h; sourceTree = "<group>"; };
		DDA48A231C5749B600ABD9D9 /* FLDownloadTask.m */ = {isa = PBXFileReference; fileEncoding = 4; lastKnownFileType = sourcecode.c.objc; path = FLDownloadTask.m; sourceTree = "<group>"; };
		DDA48A261C574B3600ABD9D9 /* MPDownLoadManager.h */ = {isa = PBXFileReference; fileEncoding = 4; lastKnownFileType = sourcecode.c.h; path = MPDownLoadManager.h; sourceTree = "<group>"; };
		DDA48A271C574B3600ABD9D9 /* MPDownLoadManager.m */ = {isa = PBXFileReference; fileEncoding = 4; lastKnownFileType = sourcecode.c.objc; path = MPDownLoadManager.m; sourceTree = "<group>"; };
		DDBCA16F1C55CB7300E9F8C2 /* MusicPartnerDownload.app */ = {isa = PBXFileReference; explicitFileType = wrapper.application; includeInIndex = 0; path = MusicPartnerDownload.app; sourceTree = BUILT_PRODUCTS_DIR; };
		DDBCA1731C55CB7300E9F8C2 /* main.m */ = {isa = PBXFileReference; lastKnownFileType = sourcecode.c.objc; path = main.m; sourceTree = "<group>"; };
		DDBCA17E1C55CB7300E9F8C2 /* Assets.xcassets */ = {isa = PBXFileReference; lastKnownFileType = folder.assetcatalog; path = Assets.xcassets; sourceTree = "<group>"; };
		DDBCA1811C55CB7300E9F8C2 /* Base */ = {isa = PBXFileReference; lastKnownFileType = file.storyboard; name = Base; path = Base.lproj/LaunchScreen.storyboard; sourceTree = "<group>"; };
		DDBCA1831C55CB7300E9F8C2 /* Info.plist */ = {isa = PBXFileReference; lastKnownFileType = text.plist.xml; path = Info.plist; sourceTree = "<group>"; };
/* End PBXFileReference section */

/* Begin PBXFrameworksBuildPhase section */
		DDBCA16C1C55CB7300E9F8C2 /* Frameworks */ = {
			isa = PBXFrameworksBuildPhase;
			buildActionMask = 2147483647;
			files = (
				DD887C781C59FBC1006E7A63 /* MediaPlayer.framework in Frameworks */,
			);
			runOnlyForDeploymentPostprocessing = 0;
		};
/* End PBXFrameworksBuildPhase section */

/* Begin PBXGroup section */
		DD2C56121C5AF2CE00CEC6EA /* DTKDropdownMenu */ = {
			isa = PBXGroup;
			children = (
				DD2C56131C5AF2CE00CEC6EA /* DTKDropdownMenuView */,
				DD2C56171C5AF2CE00CEC6EA /* LICENSE */,
				DD2C56181C5AF2CE00CEC6EA /* Masonry */,
				DD2C56321C5AF2CE00CEC6EA /* README.md */,
			);
			path = DTKDropdownMenu;
			sourceTree = "<group>";
		};
		DD2C56131C5AF2CE00CEC6EA /* DTKDropdownMenuView */ = {
			isa = PBXGroup;
			children = (
				DD2C56141C5AF2CE00CEC6EA /* DTKDropdownMenuView.bundle */,
				DD2C56151C5AF2CE00CEC6EA /* DTKDropdownMenuView.h */,
				DD2C56161C5AF2CE00CEC6EA /* DTKDropdownMenuView.m */,
			);
			path = DTKDropdownMenuView;
			sourceTree = "<group>";
		};
		DD2C56181C5AF2CE00CEC6EA /* Masonry */ = {
			isa = PBXGroup;
			children = (
				DD2C56191C5AF2CE00CEC6EA /* MASCompositeConstraint.h */,
				DD2C561A1C5AF2CE00CEC6EA /* MASCompositeConstraint.m */,
				DD2C561B1C5AF2CE00CEC6EA /* MASConstraint+Private.h */,
				DD2C561C1C5AF2CE00CEC6EA /* MASConstraint.h */,
				DD2C561D1C5AF2CE00CEC6EA /* MASConstraint.m */,
				DD2C561E1C5AF2CE00CEC6EA /* MASConstraintMaker.h */,
				DD2C561F1C5AF2CE00CEC6EA /* MASConstraintMaker.m */,
				DD2C56201C5AF2CE00CEC6EA /* MASLayoutConstraint.h */,
				DD2C56211C5AF2CE00CEC6EA /* MASLayoutConstraint.m */,
				DD2C56221C5AF2CE00CEC6EA /* Masonry.h */,
				DD2C56231C5AF2CE00CEC6EA /* MASUtilities.h */,
				DD2C56241C5AF2CE00CEC6EA /* MASViewAttribute.h */,
				DD2C56251C5AF2CE00CEC6EA /* MASViewAttribute.m */,
				DD2C56261C5AF2CE00CEC6EA /* MASViewConstraint.h */,
				DD2C56271C5AF2CE00CEC6EA /* MASViewConstraint.m */,
				DD2C56281C5AF2CE00CEC6EA /* NSArray+MASAdditions.h */,
				DD2C56291C5AF2CE00CEC6EA /* NSArray+MASAdditions.m */,
				DD2C562A1C5AF2CE00CEC6EA /* NSArray+MASShorthandAdditions.h */,
				DD2C562B1C5AF2CE00CEC6EA /* NSLayoutConstraint+MASDebugAdditions.h */,
				DD2C562C1C5AF2CE00CEC6EA /* NSLayoutConstraint+MASDebugAdditions.m */,
				DD2C562D1C5AF2CE00CEC6EA /* View+MASAdditions.h */,
				DD2C562E1C5AF2CE00CEC6EA /* View+MASAdditions.m */,
				DD2C562F1C5AF2CE00CEC6EA /* View+MASShorthandAdditions.h */,
				DD2C56301C5AF2CE00CEC6EA /* ViewController+MASAdditions.h */,
				DD2C56311C5AF2CE00CEC6EA /* ViewController+MASAdditions.m */,
			);
			path = Masonry;
			sourceTree = "<group>";
		};
		DD2C56411C5AFD9900CEC6EA /* images */ = {
			isa = PBXGroup;
			children = (
				DD2C565C1C5B1DEA00CEC6EA /* lieren.png */,
				DD2C56421C5AFD9900CEC6EA /* gongfuxiongmao.png */,
				DD2C56441C5AFD9900CEC6EA /* meirenyu.png */,
				DD2C56451C5AFD9900CEC6EA /* sandabaigujing.png */,
				DD2C56461C5AFD9900CEC6EA /* taipingyang.png */,
				DD2C56471C5AFD9900CEC6EA /* xiaohuangren.png */,
				DD2C56481C5AFD9900CEC6EA /* xiongchumo.png */,
				DD2C56491C5AFD9900CEC6EA /* yuanlijuexing.png */,
			);
			path = images;
			sourceTree = "<group>";
		};
		DD2C56521C5B07A900CEC6EA /* DRCellSlideGestureRecognizer */ = {
			isa = PBXGroup;
			children = (
				DD2C56531C5B07A900CEC6EA /* DRCellSlideAction.h */,
				DD2C56541C5B07A900CEC6EA /* DRCellSlideAction.m */,
				DD2C56551C5B07A900CEC6EA /* DRCellSlideActionView.h */,
				DD2C56561C5B07A900CEC6EA /* DRCellSlideActionView.m */,
				DD2C56571C5B07A900CEC6EA /* DRCellSlideGestureRecognizer.h */,
				DD2C56581C5B07A900CEC6EA /* DRCellSlideGestureRecognizer.m */,
			);
			path = DRCellSlideGestureRecognizer;
			sourceTree = "<group>";
		};
		DD2C565E1C5B1FE300CEC6EA /* TYMProgressBar */ = {
			isa = PBXGroup;
			children = (
				DD2C565F1C5B1FE300CEC6EA /* TYMProgressBarView.h */,
				DD2C56601C5B1FE300CEC6EA /* TYMProgressBarView.m */,
			);
			path = TYMProgressBar;
			sourceTree = "<group>";
		};
		DD6B101C1C59A21E00EA67F0 /* BaseTabBarController */ = {
			isa = PBXGroup;
			children = (
				DD6B101D1C59A24A00EA67F0 /* BaseTabBarController.h */,
				DD6B101E1C59A24A00EA67F0 /* BaseTabBarController.m */,
				DD6B101F1C59A24A00EA67F0 /* Main.storyboard */,
				DD887C611C59DFE9006E7A63 /* UITabBarController+MPDownLoad.h */,
				DD887C621C59DFE9006E7A63 /* UITabBarController+MPDownLoad.m */,
			);
			path = BaseTabBarController;
			sourceTree = "<group>";
		};
		DD6B10231C59A2C700EA67F0 /* Discover */ = {
			isa = PBXGroup;
			children = (
				DD6B10251C59A2F100EA67F0 /* MusicListTableCell.h */,
				DD6B10261C59A2F100EA67F0 /* MusicListTableCell.m */,
				DD6B10271C59A2F100EA67F0 /* MusicListViewController.h */,
				DD6B10281C59A2F100EA67F0 /* MusicListViewController.m */,
				DD6B10601C59A41900EA67F0 /* Discover.storyboard */,
			);
			path = Discover;
			sourceTree = "<group>";
		};
		DD6B10241C59A2C700EA67F0 /* DownLoad */ = {
			isa = PBXGroup;
			children = (
				DD6B102B1C59A30700EA67F0 /* MusicDownload */,
			);
			path = DownLoad;
			sourceTree = "<group>";
		};
		DD6B102B1C59A30700EA67F0 /* MusicDownload */ = {
			isa = PBXGroup;
			children = (
				DD6B102C1C59A30700EA67F0 /* MusicDownloadList */,
			);
			path = MusicDownload;
			sourceTree = "<group>";
		};
		DD6B102C1C59A30700EA67F0 /* MusicDownloadList */ = {
			isa = PBXGroup;
			children = (
				DD6B102F1C59A30700EA67F0 /* MusicDownloadList.storyboard */,
				DD6B10301C59A30700EA67F0 /* MusicDownloadListTableCell.h */,
				DD6B10311C59A30700EA67F0 /* MusicDownloadListTableCell.m */,
				DD6B10321C59A30700EA67F0 /* MusicDownloadListViewController.h */,
				DD6B10331C59A30700EA67F0 /* MusicDownloadListViewController.m */,
				DD6B10341C59A30700EA67F0 /* TaskEntity.h */,
				DD6B10351C59A30700EA67F0 /* TaskEntity.m */,
			);
			path = MusicDownloadList;
			sourceTree = "<group>";
		};
		DD6B10481C59A33400EA67F0 /* MusicDownloadManager */ = {
			isa = PBXGroup;
			children = (
				DD6B10491C59A33400EA67F0 /* MPSessionModel.h */,
				DD6B104A1C59A33400EA67F0 /* MPSessionModel.m */,
				DD6B104B1C59A33400EA67F0 /* MusicPartnerDownloadEntity.h */,
				DD6B104C1C59A33400EA67F0 /* MusicPartnerDownloadEntity.m */,
				DD6B104D1C59A33400EA67F0 /* MusicPartnerDownloadManager.h */,
				DD6B104E1C59A33400EA67F0 /* MusicPartnerDownloadManager.m */,
				DD6B104F1C59A33400EA67F0 /* MusicPartnerDownloadTask.h */,
				DD6B10501C59A33400EA67F0 /* MusicPartnerDownloadTask.m */,
			);
			path = MusicDownloadManager;
			sourceTree = "<group>";
		};
		DD6B10551C59A37E00EA67F0 /* App */ = {
			isa = PBXGroup;
			children = (
				DD6B105C1C59A3D900EA67F0 /* AppConfig */,
				DD6B10561C59A37E00EA67F0 /* AppDelegate.h */,
				DD6B10571C59A37E00EA67F0 /* AppDelegate.m */,
			);
			path = App;
			sourceTree = "<group>";
		};
		DD6B105C1C59A3D900EA67F0 /* AppConfig */ = {
			isa = PBXGroup;
			children = (
				DD6B105D1C59A3D900EA67F0 /* AppColorConfig.h */,
				DD6B105E1C59A3D900EA67F0 /* AppConfig.h */,
				DD6B105F1C59A3D900EA67F0 /* GTCommontHeader.h */,
			);
			path = AppConfig;
			sourceTree = "<group>";
		};
		DD6B106B1C59AC0100EA67F0 /* Mine */ = {
			isa = PBXGroup;
			children = (
				DD6B106C1C59AC0900EA67F0 /* Mine.storyboard */,
				DD887C681C59EEE7006E7A63 /* MineTableCell.h */,
				DD887C691C59EEE7006E7A63 /* MineTableCell.m */,
				DD6B106E1C59AC1200EA67F0 /* MineViewController.h */,
				DD6B106F1C59AC1200EA67F0 /* MineViewController.m */,
			);
			path = Mine;
			sourceTree = "<group>";
		};
		DD6B10711C59AEA600EA67F0 /* Base */ = {
			isa = PBXGroup;
			children = (
				DD6B10721C59AEB000EA67F0 /* BaseViewController.h */,
				DD6B10731C59AEB000EA67F0 /* BaseViewController.m */,
			);
			path = Base;
			sourceTree = "<group>";
		};
		DD887C501C59D35D006E7A63 /* Entity */ = {
			isa = PBXGroup;
			children = (
				DD887C511C59D36F006E7A63 /* Discover */,
			);
			path = Entity;
			sourceTree = "<group>";
		};
		DD887C511C59D36F006E7A63 /* Discover */ = {
			isa = PBXGroup;
			children = (
				DD887C521C59D37D006E7A63 /* DiscoverEntity.h */,
				DD887C531C59D37D006E7A63 /* DiscoverEntity.m */,
			);
			path = Discover;
			sourceTree = "<group>";
		};
		DD887C551C59D4F9006E7A63 /* Resource */ = {
			isa = PBXGroup;
			children = (
				DD887C581C59D5B8006E7A63 /* Discover */,
			);
			path = Resource;
			sourceTree = "<group>";
		};
		DD887C581C59D5B8006E7A63 /* Discover */ = {
			isa = PBXGroup;
			children = (
				DD2C56411C5AFD9900CEC6EA /* images */,
				DD887C591C59D5B8006E7A63 /* Discover.plist */,
			);
			path = Discover;
			sourceTree = "<group>";
		};
		DD887C6B1C59EFD5006E7A63 /* VCDataSource */ = {
			isa = PBXGroup;
			children = (
				DD887C731C59F019006E7A63 /* DownLoadComplete */,
				DD887C6F1C59EFF0006E7A63 /* DownLoad */,
			);
			path = VCDataSource;
			sourceTree = "<group>";
		};
		DD887C6F1C59EFF0006E7A63 /* DownLoad */ = {
			isa = PBXGroup;
			children = (
				DD887C701C59F002006E7A63 /* MusicDownloadDataSource.h */,
				DD887C711C59F002006E7A63 /* MusicDownloadDataSource.m */,
			);
			path = DownLoad;
			sourceTree = "<group>";
		};
		DD887C731C59F019006E7A63 /* DownLoadComplete */ = {
			isa = PBXGroup;
			children = (
				DD887C741C59F02B006E7A63 /* DownLoadCompleteDataSource.h */,
				DD887C751C59F02B006E7A63 /* DownLoadCompleteDataSource.m */,
			);
			path = DownLoadComplete;
			sourceTree = "<group>";
		};
		DDA48A1F1C5749B600ABD9D9 /* FLDownload */ = {
			isa = PBXGroup;
			children = (
				DDA48A201C5749B600ABD9D9 /* FLDownloader.h */,
				DDA48A211C5749B600ABD9D9 /* FLDownloader.m */,
				DDA48A221C5749B600ABD9D9 /* FLDownloadTask.h */,
				DDA48A231C5749B600ABD9D9 /* FLDownloadTask.m */,
				DDA48A261C574B3600ABD9D9 /* MPDownLoadManager.h */,
				DDA48A271C574B3600ABD9D9 /* MPDownLoadManager.m */,
			);
			path = FLDownload;
			sourceTree = "<group>";
		};
		DDBCA1661C55CB7200E9F8C2 = {
			isa = PBXGroup;
			children = (
				DD887C771C59FBC1006E7A63 /* MediaPlayer.framework */,
				DDBCA1711C55CB7300E9F8C2 /* MusicPartnerDownload */,
				DDBCA1701C55CB7300E9F8C2 /* Products */,
			);
			sourceTree = "<group>";
		};
		DDBCA1701C55CB7300E9F8C2 /* Products */ = {
			isa = PBXGroup;
			children = (
				DDBCA16F1C55CB7300E9F8C2 /* MusicPartnerDownload.app */,
			);
			name = Products;
			sourceTree = "<group>";
		};
		DDBCA1711C55CB7300E9F8C2 /* MusicPartnerDownload */ = {
			isa = PBXGroup;
			children = (
				DD887C6B1C59EFD5006E7A63 /* VCDataSource */,
				DD887C551C59D4F9006E7A63 /* Resource */,
				DD887C501C59D35D006E7A63 /* Entity */,
				DD6B10711C59AEA600EA67F0 /* Base */,
				DD6B10551C59A37E00EA67F0 /* App */,
				DDBCA1A71C55D8FE00E9F8C2 /* Library */,
				DDBCA18C1C55CE4000E9F8C2 /* ViewControllers */,
				DDBCA17E1C55CB7300E9F8C2 /* Assets.xcassets */,
				DDBCA1801C55CB7300E9F8C2 /* LaunchScreen.storyboard */,
				DDBCA1831C55CB7300E9F8C2 /* Info.plist */,
				DDBCA1721C55CB7300E9F8C2 /* Supporting Files */,
			);
			path = MusicPartnerDownload;
			sourceTree = "<group>";
		};
		DDBCA1721C55CB7300E9F8C2 /* Supporting Files */ = {
			isa = PBXGroup;
			children = (
				DDBCA1731C55CB7300E9F8C2 /* main.m */,
			);
			name = "Supporting Files";
			sourceTree = "<group>";
		};
		DDBCA18C1C55CE4000E9F8C2 /* ViewControllers */ = {
			isa = PBXGroup;
			children = (
				DD6B106B1C59AC0100EA67F0 /* Mine */,
				DD6B10231C59A2C700EA67F0 /* Discover */,
				DD6B10241C59A2C700EA67F0 /* DownLoad */,
				DD6B101C1C59A21E00EA67F0 /* BaseTabBarController */,
				DDA48A1A1C571AB800ABD9D9 /* ViewController.h */,
				DDA48A1B1C571AB800ABD9D9 /* ViewController.m */,
			);
			path = ViewControllers;
			sourceTree = "<group>";
		};
		DDBCA1A71C55D8FE00E9F8C2 /* Library */ = {
			isa = PBXGroup;
			children = (
				DD2C565E1C5B1FE300CEC6EA /* TYMProgressBar */,
				DD2C56521C5B07A900CEC6EA /* DRCellSlideGestureRecognizer */,
				DD2C56121C5AF2CE00CEC6EA /* DTKDropdownMenu */,
				DD6B10481C59A33400EA67F0 /* MusicDownloadManager */,
				DDA48A1F1C5749B600ABD9D9 /* FLDownload */,
			);
			path = Library;
			sourceTree = "<group>";
		};
/* End PBXGroup section */

/* Begin PBXNativeTarget section */
		DDBCA16E1C55CB7300E9F8C2 /* MusicPartnerDownload */ = {
			isa = PBXNativeTarget;
			buildConfigurationList = DDBCA1861C55CB7300E9F8C2 /* Build configuration list for PBXNativeTarget "MusicPartnerDownload" */;
			buildPhases = (
				DDBCA16B1C55CB7300E9F8C2 /* Sources */,
				DDBCA16C1C55CB7300E9F8C2 /* Frameworks */,
				DDBCA16D1C55CB7300E9F8C2 /* Resources */,
			);
			buildRules = (
			);
			dependencies = (
			);
			name = MusicPartnerDownload;
			productName = MusicPartnerDownload;
			productReference = DDBCA16F1C55CB7300E9F8C2 /* MusicPartnerDownload.app */;
			productType = "com.apple.product-type.application";
		};
/* End PBXNativeTarget section */

/* Begin PBXProject section */
		DDBCA1671C55CB7200E9F8C2 /* Project object */ = {
			isa = PBXProject;
			attributes = {
				LastUpgradeCheck = 0720;
				ORGANIZATIONNAME = dzmmac;
				TargetAttributes = {
					DDBCA16E1C55CB7300E9F8C2 = {
						CreatedOnToolsVersion = 7.2;
						SystemCapabilities = {
							com.apple.BackgroundModes = {
								enabled = 0;
							};
						};
					};
				};
			};
			buildConfigurationList = DDBCA16A1C55CB7200E9F8C2 /* Build configuration list for PBXProject "MusicPartnerDownload" */;
			compatibilityVersion = "Xcode 3.2";
			developmentRegion = English;
			hasScannedForEncodings = 0;
			knownRegions = (
				en,
				Base,
			);
			mainGroup = DDBCA1661C55CB7200E9F8C2;
			productRefGroup = DDBCA1701C55CB7300E9F8C2 /* Products */;
			projectDirPath = "";
			projectRoot = "";
			targets = (
				DDBCA16E1C55CB7300E9F8C2 /* MusicPartnerDownload */,
			);
		};
/* End PBXProject section */

/* Begin PBXResourcesBuildPhase section */
		DDBCA16D1C55CB7300E9F8C2 /* Resources */ = {
			isa = PBXResourcesBuildPhase;
			buildActionMask = 2147483647;
			files = (
				DD2C564F1C5AFD9900CEC6EA /* xiaohuangren.png in Resources */,
				DD6B10211C59A24A00EA67F0 /* Main.storyboard in Resources */,
				DD2C56501C5AFD9900CEC6EA /* xiongchumo.png in Resources */,
				DD2C564C1C5AFD9900CEC6EA /* meirenyu.png in Resources */,
				DD2C565D1C5B1DEA00CEC6EA /* lieren.png in Resources */,
				DDBCA1821C55CB7300E9F8C2 /* LaunchScreen.storyboard in Resources */,
				DD2C564D1C5AFD9900CEC6EA /* sandabaigujing.png in Resources */,
				DD2C56331C5AF2CE00CEC6EA /* DTKDropdownMenuView.bundle in Resources */,
				DDBCA17F1C55CB7300E9F8C2 /* Assets.xcassets in Resources */,
				DD2C56351C5AF2CE00CEC6EA /* LICENSE in Resources */,
				DD6B10401C59A30700EA67F0 /* MusicDownloadList.storyboard in Resources */,
				DD6B10611C59A41900EA67F0 /* Discover.storyboard in Resources */,
				DD2C564A1C5AFD9900CEC6EA /* gongfuxiongmao.png in Resources */,
				DD6B106D1C59AC0900EA67F0 /* Mine.storyboard in Resources */,
				DD2C56511C5AFD9900CEC6EA /* yuanlijuexing.png in Resources */,
				DD887C5A1C59D5B8006E7A63 /* Discover.plist in Resources */,
				DD2C564E1C5AFD9900CEC6EA /* taipingyang.png in Resources */,
			);
			runOnlyForDeploymentPostprocessing = 0;
		};
/* End PBXResourcesBuildPhase section */

/* Begin PBXSourcesBuildPhase section */
		DDBCA16B1C55CB7300E9F8C2 /* Sources */ = {
			isa = PBXSourcesBuildPhase;
			buildActionMask = 2147483647;
			files = (
				DD2C565A1C5B07A900CEC6EA /* DRCellSlideActionView.m in Sources */,
				DD6B10741C59AEB000EA67F0 /* BaseViewController.m in Sources */,
				DD6B10541C59A33400EA67F0 /* MusicPartnerDownloadTask.m in Sources */,
				DD2C56611C5B1FE300CEC6EA /* TYMProgressBarView.m in Sources */,
				DD887C721C59F002006E7A63 /* MusicDownloadDataSource.m in Sources */,
				DD6B10581C59A37E00EA67F0 /* AppDelegate.m in Sources */,
				DD2C56361C5AF2CE00CEC6EA /* MASCompositeConstraint.m in Sources */,
				DD2C563A1C5AF2CE00CEC6EA /* MASViewAttribute.m in Sources */,
				DD2C56401C5AF2CE00CEC6EA /* README.md in Sources */,
				DD2C56591C5B07A900CEC6EA /* DRCellSlideAction.m in Sources */,
				DD887C631C59DFE9006E7A63 /* UITabBarController+MPDownLoad.m in Sources */,
				DDA48A1C1C571AB800ABD9D9 /* ViewController.m in Sources */,
				DD887C6A1C59EEE7006E7A63 /* MineTableCell.m in Sources */,
				DD6B10291C59A2F100EA67F0 /* MusicListTableCell.m in Sources */,
				DD6B10411C59A30700EA67F0 /* MusicDownloadListTableCell.m in Sources */,
				DD2C563F1C5AF2CE00CEC6EA /* ViewController+MASAdditions.m in Sources */,
				DD2C563D1C5AF2CE00CEC6EA /* NSLayoutConstraint+MASDebugAdditions.m in Sources */,
				DD2C56341C5AF2CE00CEC6EA /* DTKDropdownMenuView.m in Sources */,
				DD2C56391C5AF2CE00CEC6EA /* MASLayoutConstraint.m in Sources */,
				DD6B10701C59AC1200EA67F0 /* MineViewController.m in Sources */,
				DD2C565B1C5B07A900CEC6EA /* DRCellSlideGestureRecognizer.m in Sources */,
				DD887C541C59D37D006E7A63 /* DiscoverEntity.m in Sources */,
				DD887C761C59F02B006E7A63 /* DownLoadCompleteDataSource.m in Sources */,
				DDA48A241C5749B600ABD9D9 /* FLDownloader.m in Sources */,
				DD6B10201C59A24A00EA67F0 /* BaseTabBarController.m in Sources */,
				DD6B10511C59A33400EA67F0 /* MPSessionModel.m in Sources */,
				DD6B10431C59A30700EA67F0 /* TaskEntity.m in Sources */,
				DDA48A251C5749B600ABD9D9 /* FLDownloadTask.m in Sources */,
				DD2C563E1C5AF2CE00CEC6EA /* View+MASAdditions.m in Sources */,
				DD6B10421C59A30700EA67F0 /* MusicDownloadListViewController.m in Sources */,
				DD2C56371C5AF2CE00CEC6EA /* MASConstraint.m in Sources */,
				DD2C56381C5AF2CE00CEC6EA /* MASConstraintMaker.m in Sources */,
				DDA48A281C574B3600ABD9D9 /* MPDownLoadManager.m in Sources */,
				DD6B10531C59A33400EA67F0 /* MusicPartnerDownloadManager.m in Sources */,
				DD2C563B1C5AF2CE00CEC6EA /* MASViewConstraint.m in Sources */,
				DD2C563C1C5AF2CE00CEC6EA /* NSArray+MASAdditions.m in Sources */,
				DD6B10521C59A33400EA67F0 /* MusicPartnerDownloadEntity.m in Sources */,
				DDBCA1741C55CB7300E9F8C2 /* main.m in Sources */,
				DD6B102A1C59A2F100EA67F0 /* MusicListViewController.m in Sources */,
			);
			runOnlyForDeploymentPostprocessing = 0;
		};
/* End PBXSourcesBuildPhase section */

/* Begin PBXVariantGroup section */
		DDBCA1801C55CB7300E9F8C2 /* LaunchScreen.storyboard */ = {
			isa = PBXVariantGroup;
			children = (
				DDBCA1811C55CB7300E9F8C2 /* Base */,
			);
			name = LaunchScreen.storyboard;
			sourceTree = "<group>";
		};
/* End PBXVariantGroup section */

/* Begin XCBuildConfiguration section */
		DDBCA1841C55CB7300E9F8C2 /* Debug */ = {
			isa = XCBuildConfiguration;
			buildSettings = {
				ALWAYS_SEARCH_USER_PATHS = NO;
				CLANG_CXX_LANGUAGE_STANDARD = "gnu++0x";
				CLANG_CXX_LIBRARY = "libc++";
				CLANG_ENABLE_MODULES = YES;
				CLANG_ENABLE_OBJC_ARC = YES;
				CLANG_WARN_BOOL_CONVERSION = YES;
				CLANG_WARN_CONSTANT_CONVERSION = YES;
				CLANG_WARN_DIRECT_OBJC_ISA_USAGE = YES_ERROR;
				CLANG_WARN_EMPTY_BODY = YES;
				CLANG_WARN_ENUM_CONVERSION = YES;
				CLANG_WARN_INT_CONVERSION = YES;
				CLANG_WARN_OBJC_ROOT_CLASS = YES_ERROR;
				CLANG_WARN_UNREACHABLE_CODE = YES;
				CLANG_WARN__DUPLICATE_METHOD_MATCH = YES;
				"CODE_SIGN_IDENTITY[sdk=iphoneos*]" = "iPhone Developer";
				COPY_PHASE_STRIP = NO;
				DEBUG_INFORMATION_FORMAT = dwarf;
				ENABLE_STRICT_OBJC_MSGSEND = YES;
				ENABLE_TESTABILITY = YES;
				GCC_C_LANGUAGE_STANDARD = gnu99;
				GCC_DYNAMIC_NO_PIC = NO;
				GCC_NO_COMMON_BLOCKS = YES;
				GCC_OPTIMIZATION_LEVEL = 0;
				GCC_PREPROCESSOR_DEFINITIONS = (
					"DEBUG=1",
					"$(inherited)",
				);
				GCC_WARN_64_TO_32_BIT_CONVERSION = YES;
				GCC_WARN_ABOUT_RETURN_TYPE = YES_ERROR;
				GCC_WARN_UNDECLARED_SELECTOR = YES;
				GCC_WARN_UNINITIALIZED_AUTOS = YES_AGGRESSIVE;
				GCC_WARN_UNUSED_FUNCTION = YES;
				GCC_WARN_UNUSED_VARIABLE = YES;
				IPHONEOS_DEPLOYMENT_TARGET = 9.2;
				MTL_ENABLE_DEBUG_INFO = YES;
				ONLY_ACTIVE_ARCH = YES;
				SDKROOT = iphoneos;
			};
			name = Debug;
		};
		DDBCA1851C55CB7300E9F8C2 /* Release */ = {
			isa = XCBuildConfiguration;
			buildSettings = {
				ALWAYS_SEARCH_USER_PATHS = NO;
				CLANG_CXX_LANGUAGE_STANDARD = "gnu++0x";
				CLANG_CXX_LIBRARY = "libc++";
				CLANG_ENABLE_MODULES = YES;
				CLANG_ENABLE_OBJC_ARC = YES;
				CLANG_WARN_BOOL_CONVERSION = YES;
				CLANG_WARN_CONSTANT_CONVERSION = YES;
				CLANG_WARN_DIRECT_OBJC_ISA_USAGE = YES_ERROR;
				CLANG_WARN_EMPTY_BODY = YES;
				CLANG_WARN_ENUM_CONVERSION = YES;
				CLANG_WARN_INT_CONVERSION = YES;
				CLANG_WARN_OBJC_ROOT_CLASS = YES_ERROR;
				CLANG_WARN_UNREACHABLE_CODE = YES;
				CLANG_WARN__DUPLICATE_METHOD_MATCH = YES;
				"CODE_SIGN_IDENTITY[sdk=iphoneos*]" = "iPhone Developer";
				COPY_PHASE_STRIP = NO;
				DEBUG_INFORMATION_FORMAT = "dwarf-with-dsym";
				ENABLE_NS_ASSERTIONS = NO;
				ENABLE_STRICT_OBJC_MSGSEND = YES;
				GCC_C_LANGUAGE_STANDARD = gnu99;
				GCC_NO_COMMON_BLOCKS = YES;
				GCC_WARN_64_TO_32_BIT_CONVERSION = YES;
				GCC_WARN_ABOUT_RETURN_TYPE = YES_ERROR;
				GCC_WARN_UNDECLARED_SELECTOR = YES;
				GCC_WARN_UNINITIALIZED_AUTOS = YES_AGGRESSIVE;
				GCC_WARN_UNUSED_FUNCTION = YES;
				GCC_WARN_UNUSED_VARIABLE = YES;
				IPHONEOS_DEPLOYMENT_TARGET = 9.2;
				MTL_ENABLE_DEBUG_INFO = NO;
				SDKROOT = iphoneos;
				VALIDATE_PRODUCT = YES;
			};
			name = Release;
		};
		DDBCA1871C55CB7300E9F8C2 /* Debug */ = {
			isa = XCBuildConfiguration;
			buildSettings = {
				ASSETCATALOG_COMPILER_APPICON_NAME = AppIcon;
				ASSETCATALOG_COMPILER_LAUNCHIMAGE_NAME = "Brand Assets";
				INFOPLIST_FILE = MusicPartnerDownload/Info.plist;
				IPHONEOS_DEPLOYMENT_TARGET = 7.0;
				LD_RUNPATH_SEARCH_PATHS = "$(inherited) @executable_path/Frameworks";
				PRODUCT_BUNDLE_IDENTIFIER = com.tripzm.MusicPartnerDownload;
				PRODUCT_NAME = "$(TARGET_NAME)";
			};
			name = Debug;
		};
		DDBCA1881C55CB7300E9F8C2 /* Release */ = {
			isa = XCBuildConfiguration;
			buildSettings = {
				ASSETCATALOG_COMPILER_APPICON_NAME = AppIcon;
				ASSETCATALOG_COMPILER_LAUNCHIMAGE_NAME = "Brand Assets";
				INFOPLIST_FILE = MusicPartnerDownload/Info.plist;
				IPHONEOS_DEPLOYMENT_TARGET = 7.0;
				LD_RUNPATH_SEARCH_PATHS = "$(inherited) @executable_path/Frameworks";
				PRODUCT_BUNDLE_IDENTIFIER = com.tripzm.MusicPartnerDownload;
				PRODUCT_NAME = "$(TARGET_NAME)";
			};
			name = Release;
		};
/* End XCBuildConfiguration section */

/* Begin XCConfigurationList section */
		DDBCA16A1C55CB7200E9F8C2 /* Build configuration list for PBXProject "MusicPartnerDownload" */ = {
			isa = XCConfigurationList;
			buildConfigurations = (
				DDBCA1841C55CB7300E9F8C2 /* Debug */,
				DDBCA1851C55CB7300E9F8C2 /* Release */,
			);
			defaultConfigurationIsVisible = 0;
			defaultConfigurationName = Release;
		};
		DDBCA1861C55CB7300E9F8C2 /* Build configuration list for PBXNativeTarget "MusicPartnerDownload" */ = {
			isa = XCConfigurationList;
			buildConfigurations = (
				DDBCA1871C55CB7300E9F8C2 /* Debug */,
				DDBCA1881C55CB7300E9F8C2 /* Release */,
			);
			defaultConfigurationIsVisible = 0;
			defaultConfigurationName = Release;
		};
/* End XCConfigurationList section */
	};
	rootObject = DDBCA1671C55CB7200E9F8C2 /* Project object */;
}
